// !$*UTF8*$!
{
	archiveVersion = 1;
	classes = {
	};
	objectVersion = 55;
	objects = {

/* Begin PBXBuildFile section */
		4109104C286F396800D84B28 /* AppDelegate.swift in Sources */ = {isa = PBXBuildFile; fileRef = 4109104B286F396800D84B28 /* AppDelegate.swift */; };
		4109104E286F396800D84B28 /* SceneDelegate.swift in Sources */ = {isa = PBXBuildFile; fileRef = 4109104D286F396800D84B28 /* SceneDelegate.swift */; };
		41091053286F396800D84B28 /* Main.storyboard in Resources */ = {isa = PBXBuildFile; fileRef = 41091051286F396800D84B28 /* Main.storyboard */; };
		41091055286F396900D84B28 /* Assets.xcassets in Resources */ = {isa = PBXBuildFile; fileRef = 41091054286F396900D84B28 /* Assets.xcassets */; };
		41091058286F396900D84B28 /* LaunchScreen.storyboard in Resources */ = {isa = PBXBuildFile; fileRef = 41091056286F396900D84B28 /* LaunchScreen.storyboard */; };
		4109106F286F4E4C00D84B28 /* FollowingViewController.swift in Sources */ = {isa = PBXBuildFile; fileRef = 4109106E286F4E4C00D84B28 /* FollowingViewController.swift */; };
		41091072286F4E7600D84B28 /* FollowerTableViewCell.swift in Sources */ = {isa = PBXBuildFile; fileRef = 41091070286F4E7600D84B28 /* FollowerTableViewCell.swift */; };
		41091073286F4E7600D84B28 /* FollowerTableViewCell.xib in Resources */ = {isa = PBXBuildFile; fileRef = 41091071286F4E7600D84B28 /* FollowerTableViewCell.xib */; };
		41091076286F50E600D84B28 /* userAPI.swift in Sources */ = {isa = PBXBuildFile; fileRef = 41091075286F50E600D84B28 /* userAPI.swift */; };
		41091079286F510D00D84B28 /* API Caller.swift in Sources */ = {isa = PBXBuildFile; fileRef = 41091078286F510D00D84B28 /* API Caller.swift */; };
		412646402889366700DE9C78 /* zandiTime.png in Resources */ = {isa = PBXBuildFile; fileRef = 4126463F2889366700DE9C78 /* zandiTime.png */; };
		4126465C288957AF00DE9C78 /* ElementCollectionViewCell.swift in Sources */ = {isa = PBXBuildFile; fileRef = 4126465A288957AF00DE9C78 /* ElementCollectionViewCell.swift */; };
		4126465D288957AF00DE9C78 /* ElementCollectionViewCell.xib in Resources */ = {isa = PBXBuildFile; fileRef = 4126465B288957AF00DE9C78 /* ElementCollectionViewCell.xib */; };
		416F08FF2890E1C4006CACF9 /* MarketViewController.swift in Sources */ = {isa = PBXBuildFile; fileRef = 416F08FE2890E1C4006CACF9 /* MarketViewController.swift */; };
		41C4EAE228896ECD00BD51F3 /* DetailViewController.swift in Sources */ = {isa = PBXBuildFile; fileRef = 41C4EAE128896ECD00BD51F3 /* DetailViewController.swift */; };
		91DA02635933FC8EB26A49C4 /* Pods_TimerZandi.framework in Frameworks */ = {isa = PBXBuildFile; fileRef = 67C569C28CBEC319A394090B /* Pods_TimerZandi.framework */; };
		9B0EEE6228AB78140087DDE6 /* IMG_1869.jpg in Resources */ = {isa = PBXBuildFile; fileRef = 9B0EEE6128AB78130087DDE6 /* IMG_1869.jpg */; };
		9B473DC828AA3E5300179D60 /* Group 47.png in Resources */ = {isa = PBXBuildFile; fileRef = 9B473DC728AA3E5200179D60 /* Group 47.png */; };
		9B473DCA28AA416B00179D60 /* 스크린샷 2022-08-15 17.54.48.png in Resources */ = {isa = PBXBuildFile; fileRef = 9B473DC928AA416B00179D60 /* 스크린샷 2022-08-15 17.54.48.png */; };
		9B473DCC28AA43A300179D60 /* 스크린샷 2022-08-15 18.04.26.png in Resources */ = {isa = PBXBuildFile; fileRef = 9B473DCB28AA43A200179D60 /* 스크린샷 2022-08-15 18.04.26.png */; };
		9B62F45E2892B48E00AB88DD /* LoginViewController.swift in Sources */ = {isa = PBXBuildFile; fileRef = 9B62F45D2892B48E00AB88DD /* LoginViewController.swift */; };
		9B6A828728A9E83200129B4E /* NewTimerViewController.swift in Sources */ = {isa = PBXBuildFile; fileRef = 9B6A828628A9E83100129B4E /* NewTimerViewController.swift */; };
		9B6A828A28A9EA3400129B4E /* TopicTableViewCell.swift in Sources */ = {isa = PBXBuildFile; fileRef = 9B6A828828A9EA3400129B4E /* TopicTableViewCell.swift */; };
		9B6A828B28A9EA3400129B4E /* TopicTableViewCell.xib in Resources */ = {isa = PBXBuildFile; fileRef = 9B6A828928A9EA3400129B4E /* TopicTableViewCell.xib */; };
		9B7ABB7C286F3C140057F536 /* TimerViewController.swift in Sources */ = {isa = PBXBuildFile; fileRef = 9B7ABB7B286F3C140057F536 /* TimerViewController.swift */; };
		9B9842F5289CAAFB002E6561 /* Real_API_Caller.swift in Sources */ = {isa = PBXBuildFile; fileRef = 9B9842F4289CAAFB002E6561 /* Real_API_Caller.swift */; };
		9B9842FB289CE800002E6561 /* launchScreen.png in Resources */ = {isa = PBXBuildFile; fileRef = 9B9842FA289CE800002E6561 /* launchScreen.png */; };
		9B9842FE289CE8B3002E6561 /* Theme.swift in Sources */ = {isa = PBXBuildFile; fileRef = 9B9842FD289CE8B3002E6561 /* Theme.swift */; };
		9B98430B289CEDD4002E6561 /* Vector 2.png in Resources */ = {isa = PBXBuildFile; fileRef = 9B984301289CEDD4002E6561 /* Vector 2.png */; };
		9B98430C289CEDD4002E6561 /* Vector 1.png in Resources */ = {isa = PBXBuildFile; fileRef = 9B984302289CEDD4002E6561 /* Vector 1.png */; };
		9B98430D289CEDD4002E6561 /* Vector 0.png in Resources */ = {isa = PBXBuildFile; fileRef = 9B984303289CEDD4002E6561 /* Vector 0.png */; };
		9B98430E289CEDD4002E6561 /* Vector 6.png in Resources */ = {isa = PBXBuildFile; fileRef = 9B984304289CEDD4002E6561 /* Vector 6.png */; };
		9B98430F289CEDD4002E6561 /* Vector 4.png in Resources */ = {isa = PBXBuildFile; fileRef = 9B984305289CEDD4002E6561 /* Vector 4.png */; };
		9B984310289CEDD4002E6561 /* Vector 8.png in Resources */ = {isa = PBXBuildFile; fileRef = 9B984306289CEDD4002E6561 /* Vector 8.png */; };
		9B984311289CEDD4002E6561 /* Vector 5.png in Resources */ = {isa = PBXBuildFile; fileRef = 9B984307289CEDD4002E6561 /* Vector 5.png */; };
		9B984312289CEDD4002E6561 /* Vector 9.png in Resources */ = {isa = PBXBuildFile; fileRef = 9B984308289CEDD4002E6561 /* Vector 9.png */; };
		9B984313289CEDD4002E6561 /* Vector 3.png in Resources */ = {isa = PBXBuildFile; fileRef = 9B984309289CEDD4002E6561 /* Vector 3.png */; };
		9B984314289CEDD4002E6561 /* Vector 7.png in Resources */ = {isa = PBXBuildFile; fileRef = 9B98430A289CEDD4002E6561 /* Vector 7.png */; };
		9BA12E07288AB50500038E40 /* ClassTableViewCell.swift in Sources */ = {isa = PBXBuildFile; fileRef = 9BA12E06288AB50400038E40 /* ClassTableViewCell.swift */; };
		9BA12E09288AB58B00038E40 /* Topic.swift in Sources */ = {isa = PBXBuildFile; fileRef = 9BA12E08288AB58B00038E40 /* Topic.swift */; };
		9BAC5BF82877D22F00CC6147 /* SettingViewController.swift in Sources */ = {isa = PBXBuildFile; fileRef = 9BAC5BF72877D22F00CC6147 /* SettingViewController.swift */; };
		9BB9426B2893EA7E0005843B /* FollwersPageViewController.swift in Sources */ = {isa = PBXBuildFile; fileRef = 9BB9426A2893EA7E0005843B /* FollwersPageViewController.swift */; };
		9BB9426E2893EB7F0005843B /* FollwerInfo.swift in Sources */ = {isa = PBXBuildFile; fileRef = 9BB9426D2893EB7F0005843B /* FollwerInfo.swift */; };
		9BB942702893EBF00005843B /* FollwerDataModel.swift in Sources */ = {isa = PBXBuildFile; fileRef = 9BB9426F2893EBF00005843B /* FollwerDataModel.swift */; };
		9BB942762893EC8A0005843B /* IMG_1394.JPG in Resources */ = {isa = PBXBuildFile; fileRef = 9BB942742893EC890005843B /* IMG_1394.JPG */; };
		9BB942772893EC8A0005843B /* IMG_0518.jpg in Resources */ = {isa = PBXBuildFile; fileRef = 9BB942752893EC8A0005843B /* IMG_0518.jpg */; };
		9BD13C6F287AA6F6000A7915 /* ThemeTableViewCell.swift in Sources */ = {isa = PBXBuildFile; fileRef = 9BD13C6E287AA6F6000A7915 /* ThemeTableViewCell.swift */; };
		9BEB43722887CB8F0097BD2B /* Setting.swift in Sources */ = {isa = PBXBuildFile; fileRef = 9BEB43712887CB8F0097BD2B /* Setting.swift */; };
		9BEB43752887D0380097BD2B /* NewSettingViewController.swift in Sources */ = {isa = PBXBuildFile; fileRef = 9BEB43742887D0380097BD2B /* NewSettingViewController.swift */; };
		9BEB43782887D0C20097BD2B /* Vector 17.png in Resources */ = {isa = PBXBuildFile; fileRef = 9BEB43772887D0C10097BD2B /* Vector 17.png */; };
		9BEBC03828802963003D88D3 /* RealSettingViewController.swift in Sources */ = {isa = PBXBuildFile; fileRef = 9BEBC03728802963003D88D3 /* RealSettingViewController.swift */; };
		9BEBC03B28802CA5003D88D3 /* IMG_1482.jpg in Resources */ = {isa = PBXBuildFile; fileRef = 9BEBC03A28802CA5003D88D3 /* IMG_1482.jpg */; };
/* End PBXBuildFile section */

/* Begin PBXFileReference section */
		2046D4B8C4FCFFDCC0048BAF /* Pods-TimerZandi.release.xcconfig */ = {isa = PBXFileReference; includeInIndex = 1; lastKnownFileType = text.xcconfig; name = "Pods-TimerZandi.release.xcconfig"; path = "Target Support Files/Pods-TimerZandi/Pods-TimerZandi.release.xcconfig"; sourceTree = "<group>"; };
		41091048286F396800D84B28 /* TimerZandi.app */ = {isa = PBXFileReference; explicitFileType = wrapper.application; includeInIndex = 0; path = TimerZandi.app; sourceTree = BUILT_PRODUCTS_DIR; };
		4109104B286F396800D84B28 /* AppDelegate.swift */ = {isa = PBXFileReference; lastKnownFileType = sourcecode.swift; path = AppDelegate.swift; sourceTree = "<group>"; };
		4109104D286F396800D84B28 /* SceneDelegate.swift */ = {isa = PBXFileReference; lastKnownFileType = sourcecode.swift; path = SceneDelegate.swift; sourceTree = "<group>"; };
		41091052286F396800D84B28 /* Base */ = {isa = PBXFileReference; lastKnownFileType = file.storyboard; name = Base; path = Base.lproj/Main.storyboard; sourceTree = "<group>"; };
		41091054286F396900D84B28 /* Assets.xcassets */ = {isa = PBXFileReference; lastKnownFileType = folder.assetcatalog; path = Assets.xcassets; sourceTree = "<group>"; };
		41091057286F396900D84B28 /* Base */ = {isa = PBXFileReference; lastKnownFileType = file.storyboard; name = Base; path = Base.lproj/LaunchScreen.storyboard; sourceTree = "<group>"; };
		41091059286F396900D84B28 /* Info.plist */ = {isa = PBXFileReference; lastKnownFileType = text.plist.xml; path = Info.plist; sourceTree = "<group>"; };
		4109106E286F4E4C00D84B28 /* FollowingViewController.swift */ = {isa = PBXFileReference; lastKnownFileType = sourcecode.swift; path = FollowingViewController.swift; sourceTree = "<group>"; };
		41091070286F4E7600D84B28 /* FollowerTableViewCell.swift */ = {isa = PBXFileReference; lastKnownFileType = sourcecode.swift; path = FollowerTableViewCell.swift; sourceTree = "<group>"; };
		41091071286F4E7600D84B28 /* FollowerTableViewCell.xib */ = {isa = PBXFileReference; lastKnownFileType = file.xib; path = FollowerTableViewCell.xib; sourceTree = "<group>"; };
		41091075286F50E600D84B28 /* userAPI.swift */ = {isa = PBXFileReference; lastKnownFileType = sourcecode.swift; path = userAPI.swift; sourceTree = "<group>"; };
		41091078286F510D00D84B28 /* API Caller.swift */ = {isa = PBXFileReference; lastKnownFileType = sourcecode.swift; path = "API Caller.swift"; sourceTree = "<group>"; };
		4126463F2889366700DE9C78 /* zandiTime.png */ = {isa = PBXFileReference; lastKnownFileType = image.png; path = zandiTime.png; sourceTree = "<group>"; };
		4126465A288957AF00DE9C78 /* ElementCollectionViewCell.swift */ = {isa = PBXFileReference; lastKnownFileType = sourcecode.swift; path = ElementCollectionViewCell.swift; sourceTree = "<group>"; };
		4126465B288957AF00DE9C78 /* ElementCollectionViewCell.xib */ = {isa = PBXFileReference; lastKnownFileType = file.xib; path = ElementCollectionViewCell.xib; sourceTree = "<group>"; };
		416F08FE2890E1C4006CACF9 /* MarketViewController.swift */ = {isa = PBXFileReference; lastKnownFileType = sourcecode.swift; path = MarketViewController.swift; sourceTree = "<group>"; };
		41C4EAE128896ECD00BD51F3 /* DetailViewController.swift */ = {isa = PBXFileReference; lastKnownFileType = sourcecode.swift; path = DetailViewController.swift; sourceTree = "<group>"; };
		5961B36B51C707E4BF764CE9 /* Pods-TimerZandi.debug.xcconfig */ = {isa = PBXFileReference; includeInIndex = 1; lastKnownFileType = text.xcconfig; name = "Pods-TimerZandi.debug.xcconfig"; path = "Target Support Files/Pods-TimerZandi/Pods-TimerZandi.debug.xcconfig"; sourceTree = "<group>"; };
		67C569C28CBEC319A394090B /* Pods_TimerZandi.framework */ = {isa = PBXFileReference; explicitFileType = wrapper.framework; includeInIndex = 0; path = Pods_TimerZandi.framework; sourceTree = BUILT_PRODUCTS_DIR; };
		9B0EEE6128AB78130087DDE6 /* IMG_1869.jpg */ = {isa = PBXFileReference; lastKnownFileType = image.jpeg; name = IMG_1869.jpg; path = ../../../IMG_1869.jpg; sourceTree = "<group>"; };
		9B473DC728AA3E5200179D60 /* Group 47.png */ = {isa = PBXFileReference; lastKnownFileType = image.png; name = "Group 47.png"; path = "../../../Group 47.png"; sourceTree = "<group>"; };
		9B473DC928AA416B00179D60 /* 스크린샷 2022-08-15 17.54.48.png */ = {isa = PBXFileReference; lastKnownFileType = image.png; name = "스크린샷 2022-08-15 17.54.48.png"; path = "../../../../Desktop/화면기록/스크린샷 2022-08-15 17.54.48.png"; sourceTree = "<group>"; };
		9B473DCB28AA43A200179D60 /* 스크린샷 2022-08-15 18.04.26.png */ = {isa = PBXFileReference; lastKnownFileType = image.png; name = "스크린샷 2022-08-15 18.04.26.png"; path = "../../../../Desktop/화면기록/스크린샷 2022-08-15 18.04.26.png"; sourceTree = "<group>"; };
		9B62F45D2892B48E00AB88DD /* LoginViewController.swift */ = {isa = PBXFileReference; lastKnownFileType = sourcecode.swift; path = LoginViewController.swift; sourceTree = "<group>"; };
		9B6A828628A9E83100129B4E /* NewTimerViewController.swift */ = {isa = PBXFileReference; lastKnownFileType = sourcecode.swift; path = NewTimerViewController.swift; sourceTree = "<group>"; };
		9B6A828828A9EA3400129B4E /* TopicTableViewCell.swift */ = {isa = PBXFileReference; lastKnownFileType = sourcecode.swift; path = TopicTableViewCell.swift; sourceTree = "<group>"; };
		9B6A828928A9EA3400129B4E /* TopicTableViewCell.xib */ = {isa = PBXFileReference; lastKnownFileType = file.xib; path = TopicTableViewCell.xib; sourceTree = "<group>"; };
		9B7ABB7B286F3C140057F536 /* TimerViewController.swift */ = {isa = PBXFileReference; lastKnownFileType = sourcecode.swift; path = TimerViewController.swift; sourceTree = "<group>"; };
		9B9842F4289CAAFB002E6561 /* Real_API_Caller.swift */ = {isa = PBXFileReference; lastKnownFileType = sourcecode.swift; path = Real_API_Caller.swift; sourceTree = "<group>"; };
		9B9842FA289CE800002E6561 /* launchScreen.png */ = {isa = PBXFileReference; lastKnownFileType = image.png; name = launchScreen.png; path = ../../../launchScreen.png; sourceTree = "<group>"; };
		9B9842FD289CE8B3002E6561 /* Theme.swift */ = {isa = PBXFileReference; lastKnownFileType = sourcecode.swift; path = Theme.swift; sourceTree = "<group>"; };
		9B984301289CEDD4002E6561 /* Vector 2.png */ = {isa = PBXFileReference; lastKnownFileType = image.png; name = "Vector 2.png"; path = "../../../UMC (2) 2/Vector 2.png"; sourceTree = "<group>"; };
		9B984302289CEDD4002E6561 /* Vector 1.png */ = {isa = PBXFileReference; lastKnownFileType = image.png; name = "Vector 1.png"; path = "../../../UMC (2) 2/Vector 1.png"; sourceTree = "<group>"; };
		9B984303289CEDD4002E6561 /* Vector 0.png */ = {isa = PBXFileReference; lastKnownFileType = image.png; name = "Vector 0.png"; path = "../../../UMC (2) 2/Vector 0.png"; sourceTree = "<group>"; };
		9B984304289CEDD4002E6561 /* Vector 6.png */ = {isa = PBXFileReference; lastKnownFileType = image.png; name = "Vector 6.png"; path = "../../../UMC (2) 2/Vector 6.png"; sourceTree = "<group>"; };
		9B984305289CEDD4002E6561 /* Vector 4.png */ = {isa = PBXFileReference; lastKnownFileType = image.png; name = "Vector 4.png"; path = "../../../UMC (2) 2/Vector 4.png"; sourceTree = "<group>"; };
		9B984306289CEDD4002E6561 /* Vector 8.png */ = {isa = PBXFileReference; lastKnownFileType = image.png; name = "Vector 8.png"; path = "../../../UMC (2) 2/Vector 8.png"; sourceTree = "<group>"; };
		9B984307289CEDD4002E6561 /* Vector 5.png */ = {isa = PBXFileReference; lastKnownFileType = image.png; name = "Vector 5.png"; path = "../../../UMC (2) 2/Vector 5.png"; sourceTree = "<group>"; };
		9B984308289CEDD4002E6561 /* Vector 9.png */ = {isa = PBXFileReference; lastKnownFileType = image.png; name = "Vector 9.png"; path = "../../../UMC (2) 2/Vector 9.png"; sourceTree = "<group>"; };
		9B984309289CEDD4002E6561 /* Vector 3.png */ = {isa = PBXFileReference; lastKnownFileType = image.png; name = "Vector 3.png"; path = "../../../UMC (2) 2/Vector 3.png"; sourceTree = "<group>"; };
		9B98430A289CEDD4002E6561 /* Vector 7.png */ = {isa = PBXFileReference; lastKnownFileType = image.png; name = "Vector 7.png"; path = "../../../UMC (2) 2/Vector 7.png"; sourceTree = "<group>"; };
		9BA12E06288AB50400038E40 /* ClassTableViewCell.swift */ = {isa = PBXFileReference; lastKnownFileType = sourcecode.swift; path = ClassTableViewCell.swift; sourceTree = "<group>"; };
		9BA12E08288AB58B00038E40 /* Topic.swift */ = {isa = PBXFileReference; lastKnownFileType = sourcecode.swift; path = Topic.swift; sourceTree = "<group>"; };
		9BAC5BF72877D22F00CC6147 /* SettingViewController.swift */ = {isa = PBXFileReference; lastKnownFileType = sourcecode.swift; path = SettingViewController.swift; sourceTree = "<group>"; };
		9BB9426A2893EA7E0005843B /* FollwersPageViewController.swift */ = {isa = PBXFileReference; lastKnownFileType = sourcecode.swift; path = FollwersPageViewController.swift; sourceTree = "<group>"; };
		9BB9426D2893EB7F0005843B /* FollwerInfo.swift */ = {isa = PBXFileReference; lastKnownFileType = sourcecode.swift; path = FollwerInfo.swift; sourceTree = "<group>"; };
		9BB9426F2893EBF00005843B /* FollwerDataModel.swift */ = {isa = PBXFileReference; lastKnownFileType = sourcecode.swift; path = FollwerDataModel.swift; sourceTree = "<group>"; };
		9BB942722893EC580005843B /* IMG_1482.jpg */ = {isa = PBXFileReference; lastKnownFileType = image.jpeg; path = IMG_1482.jpg; sourceTree = "<group>"; };
		9BB942732893EC580005843B /* Vector 17.png */ = {isa = PBXFileReference; lastKnownFileType = image.png; path = "Vector 17.png"; sourceTree = "<group>"; };
		9BB942742893EC890005843B /* IMG_1394.JPG */ = {isa = PBXFileReference; lastKnownFileType = image.jpeg; name = IMG_1394.JPG; path = ../../../IMG_1394.JPG; sourceTree = "<group>"; };
		9BB942752893EC8A0005843B /* IMG_0518.jpg */ = {isa = PBXFileReference; lastKnownFileType = image.jpeg; name = IMG_0518.jpg; path = ../../../IMG_0518.jpg; sourceTree = "<group>"; };
		9BD13C6E287AA6F6000A7915 /* ThemeTableViewCell.swift */ = {isa = PBXFileReference; lastKnownFileType = sourcecode.swift; path = ThemeTableViewCell.swift; sourceTree = "<group>"; };
		9BEB43712887CB8F0097BD2B /* Setting.swift */ = {isa = PBXFileReference; lastKnownFileType = sourcecode.swift; path = Setting.swift; sourceTree = "<group>"; };
		9BEB43742887D0380097BD2B /* NewSettingViewController.swift */ = {isa = PBXFileReference; lastKnownFileType = sourcecode.swift; path = NewSettingViewController.swift; sourceTree = "<group>"; };
		9BEB43772887D0C10097BD2B /* Vector 17.png */ = {isa = PBXFileReference; lastKnownFileType = image.png; name = "Vector 17.png"; path = "../../../Downloads/Vector 17.png"; sourceTree = "<group>"; };
		9BEBC03728802963003D88D3 /* RealSettingViewController.swift */ = {isa = PBXFileReference; lastKnownFileType = sourcecode.swift; path = RealSettingViewController.swift; sourceTree = "<group>"; };
		9BEBC03A28802CA5003D88D3 /* IMG_1482.jpg */ = {isa = PBXFileReference; lastKnownFileType = image.jpeg; name = IMG_1482.jpg; path = ../../../Downloads/IMG_1482.jpg; sourceTree = "<group>"; };
/* End PBXFileReference section */

/* Begin PBXFrameworksBuildPhase section */
		41091045286F396800D84B28 /* Frameworks */ = {
			isa = PBXFrameworksBuildPhase;
			buildActionMask = 2147483647;
			files = (
				91DA02635933FC8EB26A49C4 /* Pods_TimerZandi.framework in Frameworks */,
			);
			runOnlyForDeploymentPostprocessing = 0;
		};
/* End PBXFrameworksBuildPhase section */

/* Begin PBXGroup section */
		410849C32889316E007C4406 /* MarketVC */ = {
			isa = PBXGroup;
			children = (
				41264651288950D600DE9C78 /* ProductCell */,
				41C4EAE128896ECD00BD51F3 /* DetailViewController.swift */,
				416F08FE2890E1C4006CACF9 /* MarketViewController.swift */,
			);
			path = MarketVC;
			sourceTree = "<group>";
		};
		4109103F286F396700D84B28 = {
			isa = PBXGroup;
			children = (
				4109104A286F396800D84B28 /* TimerZandi */,
				41091049286F396800D84B28 /* Products */,
				EE23397EA989676454CC5B9C /* Pods */,
				4AD1A39BC419017E52587BB7 /* Frameworks */,
			);
			sourceTree = "<group>";
		};
		41091049286F396800D84B28 /* Products */ = {
			isa = PBXGroup;
			children = (
				41091048286F396800D84B28 /* TimerZandi.app */,
			);
			name = Products;
			sourceTree = "<group>";
		};
		4109104A286F396800D84B28 /* TimerZandi */ = {
			isa = PBXGroup;
			children = (
				9B9842FF289CEDB2002E6561 /* VectorImage */,
				9B9842FC289CE8A1002E6561 /* Extension */,
				410849C32889316E007C4406 /* MarketVC */,
				9BAC5BF42877D20800CC6147 /* SettingVC */,
				41091077286F50FD00D84B28 /* Methods */,
				41091074286F50D200D84B28 /* API Models */,
				4109106D286F4E2500D84B28 /* FollowerVC */,
				4109106C286F4E0800D84B28 /* TimerVC */,
				9BEB437D2887DEB80097BD2B /* ComponetSetting */,
				9BC7CC20289CAA980039E68B /* Server */,
				4109104B286F396800D84B28 /* AppDelegate.swift */,
				4109104D286F396800D84B28 /* SceneDelegate.swift */,
				41091051286F396800D84B28 /* Main.storyboard */,
				41091054286F396900D84B28 /* Assets.xcassets */,
				41091056286F396900D84B28 /* LaunchScreen.storyboard */,
				41091059286F396900D84B28 /* Info.plist */,
				9BB942712893EC530005843B /* TestImage */,
				9BEBC03A28802CA5003D88D3 /* IMG_1482.jpg */,
				9BEB43772887D0C10097BD2B /* Vector 17.png */,
			);
			path = TimerZandi;
			sourceTree = "<group>";
		};
		4109106C286F4E0800D84B28 /* TimerVC */ = {
			isa = PBXGroup;
			children = (
				9B7ABB7B286F3C140057F536 /* TimerViewController.swift */,
				9BA12E08288AB58B00038E40 /* Topic.swift */,
				9BA12E06288AB50400038E40 /* ClassTableViewCell.swift */,
				9B6A828628A9E83100129B4E /* NewTimerViewController.swift */,
				9B6A828828A9EA3400129B4E /* TopicTableViewCell.swift */,
				9B6A828928A9EA3400129B4E /* TopicTableViewCell.xib */,
			);
			path = TimerVC;
			sourceTree = "<group>";
		};
		4109106D286F4E2500D84B28 /* FollowerVC */ = {
			isa = PBXGroup;
			children = (
				9BB9426C2893EB680005843B /* Model */,
				9BB9426A2893EA7E0005843B /* FollwersPageViewController.swift */,
				4109106E286F4E4C00D84B28 /* FollowingViewController.swift */,
				41091070286F4E7600D84B28 /* FollowerTableViewCell.swift */,
				41091071286F4E7600D84B28 /* FollowerTableViewCell.xib */,
			);
			path = FollowerVC;
			sourceTree = "<group>";
		};
		41091074286F50D200D84B28 /* API Models */ = {
			isa = PBXGroup;
			children = (
				41091075286F50E600D84B28 /* userAPI.swift */,
			);
			path = "API Models";
			sourceTree = "<group>";
		};
		41091077286F50FD00D84B28 /* Methods */ = {
			isa = PBXGroup;
			children = (
				41091078286F510D00D84B28 /* API Caller.swift */,
				9B9842F4289CAAFB002E6561 /* Real_API_Caller.swift */,
			);
			path = Methods;
			sourceTree = "<group>";
		};
		41264651288950D600DE9C78 /* ProductCell */ = {
			isa = PBXGroup;
			children = (
				412646592889578400DE9C78 /* marketCell */,
			);
			path = ProductCell;
			sourceTree = "<group>";
		};
		412646592889578400DE9C78 /* marketCell */ = {
			isa = PBXGroup;
			children = (
				4126465A288957AF00DE9C78 /* ElementCollectionViewCell.swift */,
				4126465B288957AF00DE9C78 /* ElementCollectionViewCell.xib */,
			);
			path = marketCell;
			sourceTree = "<group>";
		};
		4AD1A39BC419017E52587BB7 /* Frameworks */ = {
			isa = PBXGroup;
			children = (
				67C569C28CBEC319A394090B /* Pods_TimerZandi.framework */,
			);
			name = Frameworks;
			sourceTree = "<group>";
		};
		9B9842FC289CE8A1002E6561 /* Extension */ = {
			isa = PBXGroup;
			children = (
				9B9842FD289CE8B3002E6561 /* Theme.swift */,
			);
			path = Extension;
			sourceTree = "<group>";
		};
		9B9842FF289CEDB2002E6561 /* VectorImage */ = {
			isa = PBXGroup;
			children = (
				9B984303289CEDD4002E6561 /* Vector 0.png */,
				9B984302289CEDD4002E6561 /* Vector 1.png */,
				9B984301289CEDD4002E6561 /* Vector 2.png */,
				9B984309289CEDD4002E6561 /* Vector 3.png */,
				9B984305289CEDD4002E6561 /* Vector 4.png */,
				9B984307289CEDD4002E6561 /* Vector 5.png */,
				9B984304289CEDD4002E6561 /* Vector 6.png */,
				9B98430A289CEDD4002E6561 /* Vector 7.png */,
				9B984306289CEDD4002E6561 /* Vector 8.png */,
				9B984308289CEDD4002E6561 /* Vector 9.png */,
			);
			path = VectorImage;
			sourceTree = "<group>";
		};
		9BAC5BF42877D20800CC6147 /* SettingVC */ = {
			isa = PBXGroup;
			children = (
				9BEB43742887D0380097BD2B /* NewSettingViewController.swift */,
				9BD13C6E287AA6F6000A7915 /* ThemeTableViewCell.swift */,
				9BAC5BF72877D22F00CC6147 /* SettingViewController.swift */,
				9BEBC03728802963003D88D3 /* RealSettingViewController.swift */,
			);
			path = SettingVC;
			sourceTree = "<group>";
		};
		9BB9426C2893EB680005843B /* Model */ = {
			isa = PBXGroup;
			children = (
				9BB9426D2893EB7F0005843B /* FollwerInfo.swift */,
				9BB9426F2893EBF00005843B /* FollwerDataModel.swift */,
			);
			path = Model;
			sourceTree = "<group>";
		};
		9BB942712893EC530005843B /* TestImage */ = {
			isa = PBXGroup;
			children = (
				9B0EEE6128AB78130087DDE6 /* IMG_1869.jpg */,
				9B473DCB28AA43A200179D60 /* 스크린샷 2022-08-15 18.04.26.png */,
				9B473DC928AA416B00179D60 /* 스크린샷 2022-08-15 17.54.48.png */,
				9B473DC728AA3E5200179D60 /* Group 47.png */,
				9B9842FA289CE800002E6561 /* launchScreen.png */,
				9BB942752893EC8A0005843B /* IMG_0518.jpg */,
				9BB942742893EC890005843B /* IMG_1394.JPG */,
				9BB942722893EC580005843B /* IMG_1482.jpg */,
				9BB942732893EC580005843B /* Vector 17.png */,
				4126463F2889366700DE9C78 /* zandiTime.png */,
			);
			path = TestImage;
			sourceTree = "<group>";
		};
		9BC7CC20289CAA980039E68B /* Server */ = {
			isa = PBXGroup;
			children = (
				9B62F45D2892B48E00AB88DD /* LoginViewController.swift */,
			);
			name = Server;
			path = ..;
			sourceTree = "<group>";
		};
		9BEB437D2887DEB80097BD2B /* ComponetSetting */ = {
			isa = PBXGroup;
			children = (
				9BEB43712887CB8F0097BD2B /* Setting.swift */,
			);
			path = ComponetSetting;
			sourceTree = "<group>";
		};
		EE23397EA989676454CC5B9C /* Pods */ = {
			isa = PBXGroup;
			children = (
				5961B36B51C707E4BF764CE9 /* Pods-TimerZandi.debug.xcconfig */,
				2046D4B8C4FCFFDCC0048BAF /* Pods-TimerZandi.release.xcconfig */,
			);
			path = Pods;
			sourceTree = "<group>";
		};
/* End PBXGroup section */

/* Begin PBXNativeTarget section */
		41091047286F396800D84B28 /* TimerZandi */ = {
			isa = PBXNativeTarget;
			buildConfigurationList = 4109105C286F396900D84B28 /* Build configuration list for PBXNativeTarget "TimerZandi" */;
			buildPhases = (
				23F7D6BCBBEC013F5263F3B1 /* [CP] Check Pods Manifest.lock */,
				41091044286F396800D84B28 /* Sources */,
				41091045286F396800D84B28 /* Frameworks */,
				41091046286F396800D84B28 /* Resources */,
				716167D6D9546366B11D5A2A /* [CP] Embed Pods Frameworks */,
			);
			buildRules = (
			);
			dependencies = (
			);
			name = TimerZandi;
			productName = TimerZandi;
			productReference = 41091048286F396800D84B28 /* TimerZandi.app */;
			productType = "com.apple.product-type.application";
		};
/* End PBXNativeTarget section */

/* Begin PBXProject section */
		41091040286F396700D84B28 /* Project object */ = {
			isa = PBXProject;
			attributes = {
				BuildIndependentTargetsInParallel = 1;
				LastSwiftUpdateCheck = 1340;
				LastUpgradeCheck = 1340;
				TargetAttributes = {
					41091047286F396800D84B28 = {
						CreatedOnToolsVersion = 13.4.1;
					};
				};
			};
			buildConfigurationList = 41091043286F396700D84B28 /* Build configuration list for PBXProject "TimerZandi" */;
			compatibilityVersion = "Xcode 13.0";
			developmentRegion = en;
			hasScannedForEncodings = 0;
			knownRegions = (
				en,
				Base,
			);
			mainGroup = 4109103F286F396700D84B28;
			productRefGroup = 41091049286F396800D84B28 /* Products */;
			projectDirPath = "";
			projectRoot = "";
			targets = (
				41091047286F396800D84B28 /* TimerZandi */,
			);
		};
/* End PBXProject section */

/* Begin PBXResourcesBuildPhase section */
		41091046286F396800D84B28 /* Resources */ = {
			isa = PBXResourcesBuildPhase;
			buildActionMask = 2147483647;
			files = (
				9BB942762893EC8A0005843B /* IMG_1394.JPG in Resources */,
				9BB942772893EC8A0005843B /* IMG_0518.jpg in Resources */,
				9B984312289CEDD4002E6561 /* Vector 9.png in Resources */,
				41091058286F396900D84B28 /* LaunchScreen.storyboard in Resources */,
				9BEB43782887D0C20097BD2B /* Vector 17.png in Resources */,
				9BEBC03B28802CA5003D88D3 /* IMG_1482.jpg in Resources */,
				41091055286F396900D84B28 /* Assets.xcassets in Resources */,
				4126465D288957AF00DE9C78 /* ElementCollectionViewCell.xib in Resources */,
				412646402889366700DE9C78 /* zandiTime.png in Resources */,
				9B9842FB289CE800002E6561 /* launchScreen.png in Resources */,
				9B984314289CEDD4002E6561 /* Vector 7.png in Resources */,
				41091053286F396800D84B28 /* Main.storyboard in Resources */,
				9B984313289CEDD4002E6561 /* Vector 3.png in Resources */,
				9B984311289CEDD4002E6561 /* Vector 5.png in Resources */,
				9B984310289CEDD4002E6561 /* Vector 8.png in Resources */,
				9B6A828B28A9EA3400129B4E /* TopicTableViewCell.xib in Resources */,
				9B98430B289CEDD4002E6561 /* Vector 2.png in Resources */,
				9B473DCA28AA416B00179D60 /* 스크린샷 2022-08-15 17.54.48.png in Resources */,
				41091073286F4E7600D84B28 /* FollowerTableViewCell.xib in Resources */,
				9B98430D289CEDD4002E6561 /* Vector 0.png in Resources */,
				9B98430F289CEDD4002E6561 /* Vector 4.png in Resources */,
				9B473DCC28AA43A300179D60 /* 스크린샷 2022-08-15 18.04.26.png in Resources */,
				9B98430E289CEDD4002E6561 /* Vector 6.png in Resources */,
				9B0EEE6228AB78140087DDE6 /* IMG_1869.jpg in Resources */,
				9B473DC828AA3E5300179D60 /* Group 47.png in Resources */,
				9B98430C289CEDD4002E6561 /* Vector 1.png in Resources */,
			);
			runOnlyForDeploymentPostprocessing = 0;
		};
/* End PBXResourcesBuildPhase section */

/* Begin PBXShellScriptBuildPhase section */
		23F7D6BCBBEC013F5263F3B1 /* [CP] Check Pods Manifest.lock */ = {
			isa = PBXShellScriptBuildPhase;
			buildActionMask = 2147483647;
			files = (
			);
			inputFileListPaths = (
			);
			inputPaths = (
				"${PODS_PODFILE_DIR_PATH}/Podfile.lock",
				"${PODS_ROOT}/Manifest.lock",
			);
			name = "[CP] Check Pods Manifest.lock";
			outputFileListPaths = (
			);
			outputPaths = (
				"$(DERIVED_FILE_DIR)/Pods-TimerZandi-checkManifestLockResult.txt",
			);
			runOnlyForDeploymentPostprocessing = 0;
			shellPath = /bin/sh;
			shellScript = "diff \"${PODS_PODFILE_DIR_PATH}/Podfile.lock\" \"${PODS_ROOT}/Manifest.lock\" > /dev/null\nif [ $? != 0 ] ; then\n    # print error to STDERR\n    echo \"error: The sandbox is not in sync with the Podfile.lock. Run 'pod install' or update your CocoaPods installation.\" >&2\n    exit 1\nfi\n# This output is used by Xcode 'outputs' to avoid re-running this script phase.\necho \"SUCCESS\" > \"${SCRIPT_OUTPUT_FILE_0}\"\n";
			showEnvVarsInLog = 0;
		};
		716167D6D9546366B11D5A2A /* [CP] Embed Pods Frameworks */ = {
			isa = PBXShellScriptBuildPhase;
			buildActionMask = 2147483647;
			files = (
			);
			inputFileListPaths = (
				"${PODS_ROOT}/Target Support Files/Pods-TimerZandi/Pods-TimerZandi-frameworks-${CONFIGURATION}-input-files.xcfilelist",
			);
			name = "[CP] Embed Pods Frameworks";
			outputFileListPaths = (
				"${PODS_ROOT}/Target Support Files/Pods-TimerZandi/Pods-TimerZandi-frameworks-${CONFIGURATION}-output-files.xcfilelist",
			);
			runOnlyForDeploymentPostprocessing = 0;
			shellPath = /bin/sh;
			shellScript = "\"${PODS_ROOT}/Target Support Files/Pods-TimerZandi/Pods-TimerZandi-frameworks.sh\"\n";
			showEnvVarsInLog = 0;
		};
/* End PBXShellScriptBuildPhase section */

/* Begin PBXSourcesBuildPhase section */
		41091044286F396800D84B28 /* Sources */ = {
			isa = PBXSourcesBuildPhase;
			buildActionMask = 2147483647;
			files = (
				9B62F45E2892B48E00AB88DD /* LoginViewController.swift in Sources */,
				9BEB43722887CB8F0097BD2B /* Setting.swift in Sources */,
				41C4EAE228896ECD00BD51F3 /* DetailViewController.swift in Sources */,
				9B9842FE289CE8B3002E6561 /* Theme.swift in Sources */,
				41091079286F510D00D84B28 /* API Caller.swift in Sources */,
				9B6A828A28A9EA3400129B4E /* TopicTableViewCell.swift in Sources */,
				416F08FF2890E1C4006CACF9 /* MarketViewController.swift in Sources */,
				9BA12E09288AB58B00038E40 /* Topic.swift in Sources */,
				9BAC5BF82877D22F00CC6147 /* SettingViewController.swift in Sources */,
				4109106F286F4E4C00D84B28 /* FollowingViewController.swift in Sources */,
				9B6A828728A9E83200129B4E /* NewTimerViewController.swift in Sources */,
				41091072286F4E7600D84B28 /* FollowerTableViewCell.swift in Sources */,
				9BA12E07288AB50500038E40 /* ClassTableViewCell.swift in Sources */,
				4109104C286F396800D84B28 /* AppDelegate.swift in Sources */,
				9BB9426E2893EB7F0005843B /* FollwerInfo.swift in Sources */,
				9BEB43752887D0380097BD2B /* NewSettingViewController.swift in Sources */,
				4126465C288957AF00DE9C78 /* ElementCollectionViewCell.swift in Sources */,
				41091076286F50E600D84B28 /* userAPI.swift in Sources */,
				9B9842F5289CAAFB002E6561 /* Real_API_Caller.swift in Sources */,
				9BD13C6F287AA6F6000A7915 /* ThemeTableViewCell.swift in Sources */,
				9BEBC03828802963003D88D3 /* RealSettingViewController.swift in Sources */,
				9B7ABB7C286F3C140057F536 /* TimerViewController.swift in Sources */,
				4109104E286F396800D84B28 /* SceneDelegate.swift in Sources */,
				9BB9426B2893EA7E0005843B /* FollwersPageViewController.swift in Sources */,
				9BB942702893EBF00005843B /* FollwerDataModel.swift in Sources */,
			);
			runOnlyForDeploymentPostprocessing = 0;
		};
/* End PBXSourcesBuildPhase section */

/* Begin PBXVariantGroup section */
		41091051286F396800D84B28 /* Main.storyboard */ = {
			isa = PBXVariantGroup;
			children = (
				41091052286F396800D84B28 /* Base */,
			);
			name = Main.storyboard;
			sourceTree = "<group>";
		};
		41091056286F396900D84B28 /* LaunchScreen.storyboard */ = {
			isa = PBXVariantGroup;
			children = (
				41091057286F396900D84B28 /* Base */,
			);
			name = LaunchScreen.storyboard;
			sourceTree = "<group>";
		};
/* End PBXVariantGroup section */

/* Begin XCBuildConfiguration section */
		4109105A286F396900D84B28 /* Debug */ = {
			isa = XCBuildConfiguration;
			buildSettings = {
				ALWAYS_SEARCH_USER_PATHS = NO;
				CLANG_ANALYZER_NONNULL = YES;
				CLANG_ANALYZER_NUMBER_OBJECT_CONVERSION = YES_AGGRESSIVE;
				CLANG_CXX_LANGUAGE_STANDARD = "gnu++17";
				CLANG_ENABLE_MODULES = YES;
				CLANG_ENABLE_OBJC_ARC = YES;
				CLANG_ENABLE_OBJC_WEAK = YES;
				CLANG_WARN_BLOCK_CAPTURE_AUTORELEASING = YES;
				CLANG_WARN_BOOL_CONVERSION = YES;
				CLANG_WARN_COMMA = YES;
				CLANG_WARN_CONSTANT_CONVERSION = YES;
				CLANG_WARN_DEPRECATED_OBJC_IMPLEMENTATIONS = YES;
				CLANG_WARN_DIRECT_OBJC_ISA_USAGE = YES_ERROR;
				CLANG_WARN_DOCUMENTATION_COMMENTS = YES;
				CLANG_WARN_EMPTY_BODY = YES;
				CLANG_WARN_ENUM_CONVERSION = YES;
				CLANG_WARN_INFINITE_RECURSION = YES;
				CLANG_WARN_INT_CONVERSION = YES;
				CLANG_WARN_NON_LITERAL_NULL_CONVERSION = YES;
				CLANG_WARN_OBJC_IMPLICIT_RETAIN_SELF = YES;
				CLANG_WARN_OBJC_LITERAL_CONVERSION = YES;
				CLANG_WARN_OBJC_ROOT_CLASS = YES_ERROR;
				CLANG_WARN_QUOTED_INCLUDE_IN_FRAMEWORK_HEADER = YES;
				CLANG_WARN_RANGE_LOOP_ANALYSIS = YES;
				CLANG_WARN_STRICT_PROTOTYPES = YES;
				CLANG_WARN_SUSPICIOUS_MOVE = YES;
				CLANG_WARN_UNGUARDED_AVAILABILITY = YES_AGGRESSIVE;
				CLANG_WARN_UNREACHABLE_CODE = YES;
				CLANG_WARN__DUPLICATE_METHOD_MATCH = YES;
				COPY_PHASE_STRIP = NO;
				DEBUG_INFORMATION_FORMAT = dwarf;
				ENABLE_STRICT_OBJC_MSGSEND = YES;
				ENABLE_TESTABILITY = YES;
				GCC_C_LANGUAGE_STANDARD = gnu11;
				GCC_DYNAMIC_NO_PIC = NO;
				GCC_NO_COMMON_BLOCKS = YES;
				GCC_OPTIMIZATION_LEVEL = 0;
				GCC_PREPROCESSOR_DEFINITIONS = (
					"DEBUG=1",
					"$(inherited)",
				);
				GCC_WARN_64_TO_32_BIT_CONVERSION = YES;
				GCC_WARN_ABOUT_RETURN_TYPE = YES_ERROR;
				GCC_WARN_UNDECLARED_SELECTOR = YES;
				GCC_WARN_UNINITIALIZED_AUTOS = YES_AGGRESSIVE;
				GCC_WARN_UNUSED_FUNCTION = YES;
				GCC_WARN_UNUSED_VARIABLE = YES;
				IPHONEOS_DEPLOYMENT_TARGET = 15.5;
				MTL_ENABLE_DEBUG_INFO = INCLUDE_SOURCE;
				MTL_FAST_MATH = YES;
				ONLY_ACTIVE_ARCH = YES;
				SDKROOT = iphoneos;
				SWIFT_ACTIVE_COMPILATION_CONDITIONS = DEBUG;
				SWIFT_OPTIMIZATION_LEVEL = "-Onone";
			};
			name = Debug;
		};
		4109105B286F396900D84B28 /* Release */ = {
			isa = XCBuildConfiguration;
			buildSettings = {
				ALWAYS_SEARCH_USER_PATHS = NO;
				CLANG_ANALYZER_NONNULL = YES;
				CLANG_ANALYZER_NUMBER_OBJECT_CONVERSION = YES_AGGRESSIVE;
				CLANG_CXX_LANGUAGE_STANDARD = "gnu++17";
				CLANG_ENABLE_MODULES = YES;
				CLANG_ENABLE_OBJC_ARC = YES;
				CLANG_ENABLE_OBJC_WEAK = YES;
				CLANG_WARN_BLOCK_CAPTURE_AUTORELEASING = YES;
				CLANG_WARN_BOOL_CONVERSION = YES;
				CLANG_WARN_COMMA = YES;
				CLANG_WARN_CONSTANT_CONVERSION = YES;
				CLANG_WARN_DEPRECATED_OBJC_IMPLEMENTATIONS = YES;
				CLANG_WARN_DIRECT_OBJC_ISA_USAGE = YES_ERROR;
				CLANG_WARN_DOCUMENTATION_COMMENTS = YES;
				CLANG_WARN_EMPTY_BODY = YES;
				CLANG_WARN_ENUM_CONVERSION = YES;
				CLANG_WARN_INFINITE_RECURSION = YES;
				CLANG_WARN_INT_CONVERSION = YES;
				CLANG_WARN_NON_LITERAL_NULL_CONVERSION = YES;
				CLANG_WARN_OBJC_IMPLICIT_RETAIN_SELF = YES;
				CLANG_WARN_OBJC_LITERAL_CONVERSION = YES;
				CLANG_WARN_OBJC_ROOT_CLASS = YES_ERROR;
				CLANG_WARN_QUOTED_INCLUDE_IN_FRAMEWORK_HEADER = YES;
				CLANG_WARN_RANGE_LOOP_ANALYSIS = YES;
				CLANG_WARN_STRICT_PROTOTYPES = YES;
				CLANG_WARN_SUSPICIOUS_MOVE = YES;
				CLANG_WARN_UNGUARDED_AVAILABILITY = YES_AGGRESSIVE;
				CLANG_WARN_UNREACHABLE_CODE = YES;
				CLANG_WARN__DUPLICATE_METHOD_MATCH = YES;
				COPY_PHASE_STRIP = NO;
				DEBUG_INFORMATION_FORMAT = "dwarf-with-dsym";
				ENABLE_NS_ASSERTIONS = NO;
				ENABLE_STRICT_OBJC_MSGSEND = YES;
				GCC_C_LANGUAGE_STANDARD = gnu11;
				GCC_NO_COMMON_BLOCKS = YES;
				GCC_WARN_64_TO_32_BIT_CONVERSION = YES;
				GCC_WARN_ABOUT_RETURN_TYPE = YES_ERROR;
				GCC_WARN_UNDECLARED_SELECTOR = YES;
				GCC_WARN_UNINITIALIZED_AUTOS = YES_AGGRESSIVE;
				GCC_WARN_UNUSED_FUNCTION = YES;
				GCC_WARN_UNUSED_VARIABLE = YES;
				IPHONEOS_DEPLOYMENT_TARGET = 15.5;
				MTL_ENABLE_DEBUG_INFO = NO;
				MTL_FAST_MATH = YES;
				SDKROOT = iphoneos;
				SWIFT_COMPILATION_MODE = wholemodule;
				SWIFT_OPTIMIZATION_LEVEL = "-O";
				VALIDATE_PRODUCT = YES;
			};
			name = Release;
		};
		4109105D286F396900D84B28 /* Debug */ = {
			isa = XCBuildConfiguration;
			baseConfigurationReference = 5961B36B51C707E4BF764CE9 /* Pods-TimerZandi.debug.xcconfig */;
			buildSettings = {
				ASSETCATALOG_COMPILER_APPICON_NAME = AppIcon;
				ASSETCATALOG_COMPILER_GLOBAL_ACCENT_COLOR_NAME = AccentColor;
				CODE_SIGN_STYLE = Automatic;
				CURRENT_PROJECT_VERSION = 1;
				DEVELOPMENT_TEAM = 9LAFQ24GSN;
				GENERATE_INFOPLIST_FILE = YES;
				INFOPLIST_FILE = TimerZandi/Info.plist;
				INFOPLIST_KEY_UIApplicationSupportsIndirectInputEvents = YES;
				INFOPLIST_KEY_UILaunchStoryboardName = LaunchScreen;
				INFOPLIST_KEY_UIMainStoryboardFile = Main;
				INFOPLIST_KEY_UISupportedInterfaceOrientations_iPad = "UIInterfaceOrientationPortrait UIInterfaceOrientationPortraitUpsideDown UIInterfaceOrientationLandscapeLeft UIInterfaceOrientationLandscapeRight";
				INFOPLIST_KEY_UISupportedInterfaceOrientations_iPhone = "UIInterfaceOrientationPortrait UIInterfaceOrientationLandscapeLeft UIInterfaceOrientationLandscapeRight";
				LD_RUNPATH_SEARCH_PATHS = (
					"$(inherited)",
					"@executable_path/Frameworks",
				);
				MARKETING_VERSION = 1.0;
				PRODUCT_BUNDLE_IDENTIFIER = com.YourCompany.TimerZandi;
				PRODUCT_NAME = "$(TARGET_NAME)";
				SWIFT_EMIT_LOC_STRINGS = YES;
				SWIFT_VERSION = 5.0;
				TARGETED_DEVICE_FAMILY = "1,2";
			};
			name = Debug;
		};
		4109105E286F396900D84B28 /* Release */ = {
			isa = XCBuildConfiguration;
			baseConfigurationReference = 2046D4B8C4FCFFDCC0048BAF /* Pods-TimerZandi.release.xcconfig */;
			buildSettings = {
				ASSETCATALOG_COMPILER_APPICON_NAME = AppIcon;
				ASSETCATALOG_COMPILER_GLOBAL_ACCENT_COLOR_NAME = AccentColor;
				CODE_SIGN_STYLE = Automatic;
				CURRENT_PROJECT_VERSION = 1;
				DEVELOPMENT_TEAM = 9LAFQ24GSN;
				GENERATE_INFOPLIST_FILE = YES;
				INFOPLIST_FILE = TimerZandi/Info.plist;
				INFOPLIST_KEY_UIApplicationSupportsIndirectInputEvents = YES;
				INFOPLIST_KEY_UILaunchStoryboardName = LaunchScreen;
				INFOPLIST_KEY_UIMainStoryboardFile = Main;
				INFOPLIST_KEY_UISupportedInterfaceOrientations_iPad = "UIInterfaceOrientationPortrait UIInterfaceOrientationPortraitUpsideDown UIInterfaceOrientationLandscapeLeft UIInterfaceOrientationLandscapeRight";
				INFOPLIST_KEY_UISupportedInterfaceOrientations_iPhone = "UIInterfaceOrientationPortrait UIInterfaceOrientationLandscapeLeft UIInterfaceOrientationLandscapeRight";
				LD_RUNPATH_SEARCH_PATHS = (
					"$(inherited)",
					"@executable_path/Frameworks",
				);
				MARKETING_VERSION = 1.0;
				PRODUCT_BUNDLE_IDENTIFIER = com.YourCompany.TimerZandi;
				PRODUCT_NAME = "$(TARGET_NAME)";
				SWIFT_EMIT_LOC_STRINGS = YES;
				SWIFT_VERSION = 5.0;
				TARGETED_DEVICE_FAMILY = "1,2";
			};
			name = Release;
		};
/* End XCBuildConfiguration section */

/* Begin XCConfigurationList section */
		41091043286F396700D84B28 /* Build configuration list for PBXProject "TimerZandi" */ = {
			isa = XCConfigurationList;
			buildConfigurations = (
				4109105A286F396900D84B28 /* Debug */,
				4109105B286F396900D84B28 /* Release */,
			);
			defaultConfigurationIsVisible = 0;
			defaultConfigurationName = Release;
		};
		4109105C286F396900D84B28 /* Build configuration list for PBXNativeTarget "TimerZandi" */ = {
			isa = XCConfigurationList;
			buildConfigurations = (
				4109105D286F396900D84B28 /* Debug */,
				4109105E286F396900D84B28 /* Release */,
			);
			defaultConfigurationIsVisible = 0;
			defaultConfigurationName = Release;
		};
/* End XCConfigurationList section */
	};
	rootObject = 41091040286F396700D84B28 /* Project object */;
}
